
Microsoft Visual Studio Solution File, Format Version 12.00
# Visual Studio Version 16
VisualStudioVersion = 16.0.30523.141
MinimumVisualStudioVersion = 10.0.40219.1
Project("{FAE04EC0-301F-11D3-BF4B-00C04F79EFBC}") = "Logging", "Logging\Logging.csproj", "{AB3A9F0B-2F68-438A-A296-9E2C1401E126}"
EndProject
Global
	GlobalSection(SolutionConfigurationPlatforms) = preSolution
		Debug|Any CPU = Debug|Any CPU
		Release|Any CPU = Release|Any CPU
	EndGlobalSection
	GlobalSection(ProjectConfigurationPlatforms) = postSolution
		{AB3A9F0B-2F68-438A-A296-9E2C1401E126}.Debug|Any CPU.ActiveCfg = Debug|Any CPU
		{AB3A9F0B-2F68-438A-A296-9E2C1401E126}.Debug|Any CPU.Build.0 = Debug|Any CPU
		{AB3A9F0B-2F68-438A-A296-9E2C1401E126}.Release|Any CPU.ActiveCfg = Release|Any CPU
		{AB3A9F0B-2F68-438A-A296-9E2C1401E126}.Release|Any CPU.Build.0 = Release|Any CPU
	EndGlobalSection
	GlobalSection(SolutionProperties) = preSolution
		HideSolutionNode = FALSE
	EndGlobalSection
	GlobalSection(ExtensibilityGlobals) = postSolution
		SolutionGuid = {61F114F9-27C8-47CB-B03F-4426B785D9F4}
	EndGlobalSection
EndGlobal
